
Microsoft Visual Studio Solution File, Format Version 12.00
# Visual Studio Version 17
VisualStudioVersion = 17.0.31903.59
MinimumVisualStudioVersion = 10.0.40219.1
Project("{FAE04EC0-301F-11D3-BF4B-00C04F79EFBC}") = "api", "api\api.csproj", "{B50F1B37-EC8B-4644-B467-34EDDE448A90}"
EndProject
Project("{FAE04EC0-301F-11D3-BF4B-00C04F79EFBC}") = "service", "service\service.csproj", "{8AB69BD1-B65D-4489-8EAF-D26D6EDB7623}"
EndProject
Project("{FAE04EC0-301F-11D3-BF4B-00C04F79EFBC}") = "infrastructure", "infrastructure\infrastructure.csproj", "{B0CBAFB6-67F2-4C36-A640-A0200E9A5E6A}"
EndProject
Project("{FAE04EC0-301F-11D3-BF4B-00C04F79EFBC}") = "Tests", "Tests\Tests.csproj", "{4AB8F7EF-BDD7-4904-8685-B82E78FCFA11}"
EndProject
Global
	GlobalSection(SolutionConfigurationPlatforms) = preSolution
		Debug|Any CPU = Debug|Any CPU
		Release|Any CPU = Release|Any CPU
	EndGlobalSection
	GlobalSection(SolutionProperties) = preSolution
		HideSolutionNode = FALSE
	EndGlobalSection
	GlobalSection(ProjectConfigurationPlatforms) = postSolution
		{B50F1B37-EC8B-4644-B467-34EDDE448A90}.Debug|Any CPU.ActiveCfg = Debug|Any CPU
		{B50F1B37-EC8B-4644-B467-34EDDE448A90}.Debug|Any CPU.Build.0 = Debug|Any CPU
		{B50F1B37-EC8B-4644-B467-34EDDE448A90}.Release|Any CPU.ActiveCfg = Release|Any CPU
		{B50F1B37-EC8B-4644-B467-34EDDE448A90}.Release|Any CPU.Build.0 = Release|Any CPU
		{8AB69BD1-B65D-4489-8EAF-D26D6EDB7623}.Debug|Any CPU.ActiveCfg = Debug|Any CPU
		{8AB69BD1-B65D-4489-8EAF-D26D6EDB7623}.Debug|Any CPU.Build.0 = Debug|Any CPU
		{8AB69BD1-B65D-4489-8EAF-D26D6EDB7623}.Release|Any CPU.ActiveCfg = Release|Any CPU
		{8AB69BD1-B65D-4489-8EAF-D26D6EDB7623}.Release|Any CPU.Build.0 = Release|Any CPU
		{B0CBAFB6-67F2-4C36-A640-A0200E9A5E6A}.Debug|Any CPU.ActiveCfg = Debug|Any CPU
		{B0CBAFB6-67F2-4C36-A640-A0200E9A5E6A}.Debug|Any CPU.Build.0 = Debug|Any CPU
		{B0CBAFB6-67F2-4C36-A640-A0200E9A5E6A}.Release|Any CPU.ActiveCfg = Release|Any CPU
		{B0CBAFB6-67F2-4C36-A640-A0200E9A5E6A}.Release|Any CPU.Build.0 = Release|Any CPU
		{4AB8F7EF-BDD7-4904-8685-B82E78FCFA11}.Debug|Any CPU.ActiveCfg = Debug|Any CPU
		{4AB8F7EF-BDD7-4904-8685-B82E78FCFA11}.Debug|Any CPU.Build.0 = Debug|Any CPU
		{4AB8F7EF-BDD7-4904-8685-B82E78FCFA11}.Release|Any CPU.ActiveCfg = Release|Any CPU
		{4AB8F7EF-BDD7-4904-8685-B82E78FCFA11}.Release|Any CPU.Build.0 = Release|Any CPU
	EndGlobalSection
EndGlobal
